// !$*UTF8*$!
{
	archiveVersion = 1;
	classes = {
	};
	objectVersion = 46;
	objects = {

/* Begin PBXBuildFile section */
		610304DE19DCE6F300278CF8 /* OAuth2CodeGrant.swift in Sources */ = {isa = PBXBuildFile; fileRef = 610304DD19DCE6F300278CF8 /* OAuth2CodeGrant.swift */; };
		610304E019DCE70C00278CF8 /* OAuth2.swift in Sources */ = {isa = PBXBuildFile; fileRef = 610304DF19DCE70C00278CF8 /* OAuth2.swift */; };
		610304E219DCE73C00278CF8 /* OAuth2Request.swift in Sources */ = {isa = PBXBuildFile; fileRef = 610304E119DCE73C00278CF8 /* OAuth2Request.swift */; };
		610304E419DCE7B000278CF8 /* extensions.swift in Sources */ = {isa = PBXBuildFile; fileRef = 610304E319DCE7B000278CF8 /* extensions.swift */; };
		610304E619DCE95F00278CF8 /* OAuth2WebViewController.swift in Sources */ = {isa = PBXBuildFile; fileRef = 610304E519DCE95F00278CF8 /* OAuth2WebViewController.swift */; };
		611F706C19F7A93D00ED84F6 /* SemesterScoreViewController.swift in Sources */ = {isa = PBXBuildFile; fileRef = 611F706B19F7A93D00ED84F6 /* SemesterScoreViewController.swift */; };
		612A43AA19E4D2CC007F7E2A /* HttpClient.swift in Sources */ = {isa = PBXBuildFile; fileRef = 612A43A919E4D2CC007F7E2A /* HttpClient.swift */; };
		612A43AC19E4E9A3007F7E2A /* Connector.swift in Sources */ = {isa = PBXBuildFile; fileRef = 612A43AB19E4E9A3007F7E2A /* Connector.swift */; };
		61389C7819DBB8EF00B2FAF6 /* AppDelegate.swift in Sources */ = {isa = PBXBuildFile; fileRef = 61389C7719DBB8EF00B2FAF6 /* AppDelegate.swift */; };
		61389C7A19DBB8EF00B2FAF6 /* MessageViewController.swift in Sources */ = {isa = PBXBuildFile; fileRef = 61389C7919DBB8EF00B2FAF6 /* MessageViewController.swift */; };
		61389C7C19DBB8EF00B2FAF6 /* AttendanceViewController.swift in Sources */ = {isa = PBXBuildFile; fileRef = 61389C7B19DBB8EF00B2FAF6 /* AttendanceViewController.swift */; };
		61389C7F19DBB8EF00B2FAF6 /* Main.storyboard in Resources */ = {isa = PBXBuildFile; fileRef = 61389C7D19DBB8EF00B2FAF6 /* Main.storyboard */; };
		61389C8119DBB8EF00B2FAF6 /* Images.xcassets in Resources */ = {isa = PBXBuildFile; fileRef = 61389C8019DBB8EF00B2FAF6 /* Images.xcassets */; };
		61389C8419DBB8EF00B2FAF6 /* LaunchScreen.xib in Resources */ = {isa = PBXBuildFile; fileRef = 61389C8219DBB8EF00B2FAF6 /* LaunchScreen.xib */; };
		61389C9019DBB8EF00B2FAF6 /* AppTests.swift in Sources */ = {isa = PBXBuildFile; fileRef = 61389C8F19DBB8EF00B2FAF6 /* AppTests.swift */; };
		61389C9A19DBB90700B2FAF6 /* SWXMLHash.swift in Sources */ = {isa = PBXBuildFile; fileRef = 61389C9919DBB90700B2FAF6 /* SWXMLHash.swift */; };
		613A2D4C19F4E9C70031DB2A /* msg.png in Resources */ = {isa = PBXBuildFile; fileRef = 613A2D4B19F4E9C70031DB2A /* msg.png */; };
		613A2D5119F4EA440031DB2A /* grid.png in Resources */ = {isa = PBXBuildFile; fileRef = 613A2D4D19F4EA440031DB2A /* grid.png */; };
		613A2D5219F4EA440031DB2A /* merit.png in Resources */ = {isa = PBXBuildFile; fileRef = 613A2D4E19F4EA440031DB2A /* merit.png */; };
		613A2D5319F4EA440031DB2A /* paper.png in Resources */ = {isa = PBXBuildFile; fileRef = 613A2D4F19F4EA440031DB2A /* paper.png */; };
		613A2D5419F4EA440031DB2A /* pencil.png in Resources */ = {isa = PBXBuildFile; fileRef = 613A2D5019F4EA440031DB2A /* pencil.png */; };
		613A2D5619F4F73A0031DB2A /* DisciplineViewController.swift in Sources */ = {isa = PBXBuildFile; fileRef = 613A2D5519F4F73A0031DB2A /* DisciplineViewController.swift */; };
		614A6E1E19E678320040230C /* LoginViewController.swift in Sources */ = {isa = PBXBuildFile; fileRef = 614A6E1D19E678320040230C /* LoginViewController.swift */; };
		614A6E2019E684C30040230C /* Global.swift in Sources */ = {isa = PBXBuildFile; fileRef = 614A6E1F19E684C30040230C /* Global.swift */; };
/* End PBXBuildFile section */

/* Begin PBXContainerItemProxy section */
		61389C8A19DBB8EF00B2FAF6 /* PBXContainerItemProxy */ = {
			isa = PBXContainerItemProxy;
			containerPortal = 61389C6A19DBB8EF00B2FAF6 /* Project object */;
			proxyType = 1;
			remoteGlobalIDString = 61389C7119DBB8EF00B2FAF6;
			remoteInfo = App;
		};
/* End PBXContainerItemProxy section */

/* Begin PBXFileReference section */
		610304DD19DCE6F300278CF8 /* OAuth2CodeGrant.swift */ = {isa = PBXFileReference; fileEncoding = 4; lastKnownFileType = sourcecode.swift; name = OAuth2CodeGrant.swift; path = "../../../Downloads/OAuth2-master/OAuth2/OAuth2CodeGrant.swift"; sourceTree = "<group>"; };
		610304DF19DCE70C00278CF8 /* OAuth2.swift */ = {isa = PBXFileReference; fileEncoding = 4; lastKnownFileType = sourcecode.swift; name = OAuth2.swift; path = "../../../Downloads/OAuth2-master/OAuth2/OAuth2.swift"; sourceTree = "<group>"; };
		610304E119DCE73C00278CF8 /* OAuth2Request.swift */ = {isa = PBXFileReference; fileEncoding = 4; lastKnownFileType = sourcecode.swift; name = OAuth2Request.swift; path = "../../../Downloads/OAuth2-master/OAuth2/OAuth2Request.swift"; sourceTree = "<group>"; };
		610304E319DCE7B000278CF8 /* extensions.swift */ = {isa = PBXFileReference; fileEncoding = 4; lastKnownFileType = sourcecode.swift; name = extensions.swift; path = "../../../Downloads/OAuth2-master/OAuth2/extensions.swift"; sourceTree = "<group>"; };
		610304E519DCE95F00278CF8 /* OAuth2WebViewController.swift */ = {isa = PBXFileReference; fileEncoding = 4; lastKnownFileType = sourcecode.swift; name = OAuth2WebViewController.swift; path = "../../../Downloads/OAuth2-master/OAuth2/OAuth2WebViewController.swift"; sourceTree = "<group>"; };
		611F706B19F7A93D00ED84F6 /* SemesterScoreViewController.swift */ = {isa = PBXFileReference; fileEncoding = 4; lastKnownFileType = sourcecode.swift; path = SemesterScoreViewController.swift; sourceTree = "<group>"; };
		612A43A919E4D2CC007F7E2A /* HttpClient.swift */ = {isa = PBXFileReference; fileEncoding = 4; lastKnownFileType = sourcecode.swift; path = HttpClient.swift; sourceTree = "<group>"; };
		612A43AB19E4E9A3007F7E2A /* Connector.swift */ = {isa = PBXFileReference; fileEncoding = 4; lastKnownFileType = sourcecode.swift; path = Connector.swift; sourceTree = "<group>"; };
		61389C7219DBB8EF00B2FAF6 /* App.app */ = {isa = PBXFileReference; explicitFileType = wrapper.application; includeInIndex = 0; path = App.app; sourceTree = BUILT_PRODUCTS_DIR; };
		61389C7619DBB8EF00B2FAF6 /* Info.plist */ = {isa = PBXFileReference; lastKnownFileType = text.plist.xml; path = Info.plist; sourceTree = "<group>"; };
		61389C7719DBB8EF00B2FAF6 /* AppDelegate.swift */ = {isa = PBXFileReference; lastKnownFileType = sourcecode.swift; path = AppDelegate.swift; sourceTree = "<group>"; };
		61389C7919DBB8EF00B2FAF6 /* MessageViewController.swift */ = {isa = PBXFileReference; lastKnownFileType = sourcecode.swift; path = MessageViewController.swift; sourceTree = "<group>"; };
		61389C7B19DBB8EF00B2FAF6 /* AttendanceViewController.swift */ = {isa = PBXFileReference; lastKnownFileType = sourcecode.swift; path = AttendanceViewController.swift; sourceTree = "<group>"; };
		61389C7E19DBB8EF00B2FAF6 /* Base */ = {isa = PBXFileReference; lastKnownFileType = file.storyboard; name = Base; path = Base.lproj/Main.storyboard; sourceTree = "<group>"; };
		61389C8019DBB8EF00B2FAF6 /* Images.xcassets */ = {isa = PBXFileReference; lastKnownFileType = folder.assetcatalog; path = Images.xcassets; sourceTree = "<group>"; };
		61389C8319DBB8EF00B2FAF6 /* Base */ = {isa = PBXFileReference; lastKnownFileType = file.xib; name = Base; path = Base.lproj/LaunchScreen.xib; sourceTree = "<group>"; };
		61389C8919DBB8EF00B2FAF6 /* AppTests.xctest */ = {isa = PBXFileReference; explicitFileType = wrapper.cfbundle; includeInIndex = 0; path = AppTests.xctest; sourceTree = BUILT_PRODUCTS_DIR; };
		61389C8E19DBB8EF00B2FAF6 /* Info.plist */ = {isa = PBXFileReference; lastKnownFileType = text.plist.xml; path = Info.plist; sourceTree = "<group>"; };
		61389C8F19DBB8EF00B2FAF6 /* AppTests.swift */ = {isa = PBXFileReference; lastKnownFileType = sourcecode.swift; path = AppTests.swift; sourceTree = "<group>"; };
		61389C9919DBB90700B2FAF6 /* SWXMLHash.swift */ = {isa = PBXFileReference; fileEncoding = 4; lastKnownFileType = sourcecode.swift; name = SWXMLHash.swift; path = ../SWXMLHash.swift; sourceTree = "<group>"; };
		613A2D4B19F4E9C70031DB2A /* msg.png */ = {isa = PBXFileReference; lastKnownFileType = image.png; name = msg.png; path = ../../Downloads/msg.png; sourceTree = "<group>"; };
		613A2D4D19F4EA440031DB2A /* grid.png */ = {isa = PBXFileReference; lastKnownFileType = image.png; name = grid.png; path = ../../Downloads/grid.png; sourceTree = "<group>"; };
		613A2D4E19F4EA440031DB2A /* merit.png */ = {isa = PBXFileReference; lastKnownFileType = image.png; name = merit.png; path = ../../Downloads/merit.png; sourceTree = "<group>"; };
		613A2D4F19F4EA440031DB2A /* paper.png */ = {isa = PBXFileReference; lastKnownFileType = image.png; name = paper.png; path = ../../Downloads/paper.png; sourceTree = "<group>"; };
		613A2D5019F4EA440031DB2A /* pencil.png */ = {isa = PBXFileReference; lastKnownFileType = image.png; name = pencil.png; path = ../../Downloads/pencil.png; sourceTree = "<group>"; };
		613A2D5519F4F73A0031DB2A /* DisciplineViewController.swift */ = {isa = PBXFileReference; fileEncoding = 4; lastKnownFileType = sourcecode.swift; path = DisciplineViewController.swift; sourceTree = "<group>"; };
		614A6E1D19E678320040230C /* LoginViewController.swift */ = {isa = PBXFileReference; fileEncoding = 4; lastKnownFileType = sourcecode.swift; path = LoginViewController.swift; sourceTree = "<group>"; };
		614A6E1F19E684C30040230C /* Global.swift */ = {isa = PBXFileReference; fileEncoding = 4; lastKnownFileType = sourcecode.swift; path = Global.swift; sourceTree = "<group>"; };
/* End PBXFileReference section */

/* Begin PBXFrameworksBuildPhase section */
		61389C6F19DBB8EF00B2FAF6 /* Frameworks */ = {
			isa = PBXFrameworksBuildPhase;
			buildActionMask = 2147483647;
			files = (
			);
			runOnlyForDeploymentPostprocessing = 0;
		};
		61389C8619DBB8EF00B2FAF6 /* Frameworks */ = {
			isa = PBXFrameworksBuildPhase;
			buildActionMask = 2147483647;
			files = (
			);
			runOnlyForDeploymentPostprocessing = 0;
		};
/* End PBXFrameworksBuildPhase section */

/* Begin PBXGroup section */
		61389C6919DBB8EF00B2FAF6 = {
			isa = PBXGroup;
			children = (
				613A2D4D19F4EA440031DB2A /* grid.png */,
				613A2D4E19F4EA440031DB2A /* merit.png */,
				613A2D4F19F4EA440031DB2A /* paper.png */,
				613A2D5019F4EA440031DB2A /* pencil.png */,
				613A2D4B19F4E9C70031DB2A /* msg.png */,
				614A6E1F19E684C30040230C /* Global.swift */,
				612A43AB19E4E9A3007F7E2A /* Connector.swift */,
				612A43A919E4D2CC007F7E2A /* HttpClient.swift */,
				61389C7419DBB8EF00B2FAF6 /* App */,
				61389C8C19DBB8EF00B2FAF6 /* AppTests */,
				61389C7319DBB8EF00B2FAF6 /* Products */,
			);
			sourceTree = "<group>";
		};
		61389C7319DBB8EF00B2FAF6 /* Products */ = {
			isa = PBXGroup;
			children = (
				61389C7219DBB8EF00B2FAF6 /* App.app */,
				61389C8919DBB8EF00B2FAF6 /* AppTests.xctest */,
			);
			name = Products;
			sourceTree = "<group>";
		};
		61389C7419DBB8EF00B2FAF6 /* App */ = {
			isa = PBXGroup;
			children = (
				611F706B19F7A93D00ED84F6 /* SemesterScoreViewController.swift */,
				613A2D5519F4F73A0031DB2A /* DisciplineViewController.swift */,
				610304E519DCE95F00278CF8 /* OAuth2WebViewController.swift */,
				610304E319DCE7B000278CF8 /* extensions.swift */,
				610304E119DCE73C00278CF8 /* OAuth2Request.swift */,
				610304DF19DCE70C00278CF8 /* OAuth2.swift */,
				610304DD19DCE6F300278CF8 /* OAuth2CodeGrant.swift */,
				61389C7719DBB8EF00B2FAF6 /* AppDelegate.swift */,
				61389C7919DBB8EF00B2FAF6 /* MessageViewController.swift */,
				61389C7B19DBB8EF00B2FAF6 /* AttendanceViewController.swift */,
				61389C7D19DBB8EF00B2FAF6 /* Main.storyboard */,
				61389C8019DBB8EF00B2FAF6 /* Images.xcassets */,
				61389C8219DBB8EF00B2FAF6 /* LaunchScreen.xib */,
				61389C7519DBB8EF00B2FAF6 /* Supporting Files */,
				61389C9919DBB90700B2FAF6 /* SWXMLHash.swift */,
				614A6E1D19E678320040230C /* LoginViewController.swift */,
			);
			path = App;
			sourceTree = "<group>";
		};
		61389C7519DBB8EF00B2FAF6 /* Supporting Files */ = {
			isa = PBXGroup;
			children = (
				61389C7619DBB8EF00B2FAF6 /* Info.plist */,
			);
			name = "Supporting Files";
			sourceTree = "<group>";
		};
		61389C8C19DBB8EF00B2FAF6 /* AppTests */ = {
			isa = PBXGroup;
			children = (
				61389C8F19DBB8EF00B2FAF6 /* AppTests.swift */,
				61389C8D19DBB8EF00B2FAF6 /* Supporting Files */,
			);
			path = AppTests;
			sourceTree = "<group>";
		};
		61389C8D19DBB8EF00B2FAF6 /* Supporting Files */ = {
			isa = PBXGroup;
			children = (
				61389C8E19DBB8EF00B2FAF6 /* Info.plist */,
			);
			name = "Supporting Files";
			sourceTree = "<group>";
		};
/* End PBXGroup section */

/* Begin PBXNativeTarget section */
		61389C7119DBB8EF00B2FAF6 /* App */ = {
			isa = PBXNativeTarget;
			buildConfigurationList = 61389C9319DBB8EF00B2FAF6 /* Build configuration list for PBXNativeTarget "App" */;
			buildPhases = (
				61389C6E19DBB8EF00B2FAF6 /* Sources */,
				61389C6F19DBB8EF00B2FAF6 /* Frameworks */,
				61389C7019DBB8EF00B2FAF6 /* Resources */,
			);
			buildRules = (
			);
			dependencies = (
			);
			name = App;
			productName = App;
			productReference = 61389C7219DBB8EF00B2FAF6 /* App.app */;
			productType = "com.apple.product-type.application";
		};
		61389C8819DBB8EF00B2FAF6 /* AppTests */ = {
			isa = PBXNativeTarget;
			buildConfigurationList = 61389C9619DBB8EF00B2FAF6 /* Build configuration list for PBXNativeTarget "AppTests" */;
			buildPhases = (
				61389C8519DBB8EF00B2FAF6 /* Sources */,
				61389C8619DBB8EF00B2FAF6 /* Frameworks */,
				61389C8719DBB8EF00B2FAF6 /* Resources */,
			);
			buildRules = (
			);
			dependencies = (
				61389C8B19DBB8EF00B2FAF6 /* PBXTargetDependency */,
			);
			name = AppTests;
			productName = AppTests;
			productReference = 61389C8919DBB8EF00B2FAF6 /* AppTests.xctest */;
			productType = "com.apple.product-type.bundle.unit-test";
		};
/* End PBXNativeTarget section */

/* Begin PBXProject section */
		61389C6A19DBB8EF00B2FAF6 /* Project object */ = {
			isa = PBXProject;
			attributes = {
				LastUpgradeCheck = 0600;
				ORGANIZATIONNAME = Cloud;
				TargetAttributes = {
					61389C7119DBB8EF00B2FAF6 = {
						CreatedOnToolsVersion = 6.0;
					};
					61389C8819DBB8EF00B2FAF6 = {
						CreatedOnToolsVersion = 6.0;
						TestTargetID = 61389C7119DBB8EF00B2FAF6;
					};
				};
			};
			buildConfigurationList = 61389C6D19DBB8EF00B2FAF6 /* Build configuration list for PBXProject "App" */;
			compatibilityVersion = "Xcode 3.2";
			developmentRegion = English;
			hasScannedForEncodings = 0;
			knownRegions = (
				en,
				Base,
			);
			mainGroup = 61389C6919DBB8EF00B2FAF6;
			productRefGroup = 61389C7319DBB8EF00B2FAF6 /* Products */;
			projectDirPath = "";
			projectRoot = "";
			targets = (
				61389C7119DBB8EF00B2FAF6 /* App */,
				61389C8819DBB8EF00B2FAF6 /* AppTests */,
			);
		};
/* End PBXProject section */

/* Begin PBXResourcesBuildPhase section */
		61389C7019DBB8EF00B2FAF6 /* Resources */ = {
			isa = PBXResourcesBuildPhase;
			buildActionMask = 2147483647;
			files = (
				613A2D5419F4EA440031DB2A /* pencil.png in Resources */,
				61389C7F19DBB8EF00B2FAF6 /* Main.storyboard in Resources */,
				613A2D5119F4EA440031DB2A /* grid.png in Resources */,
				613A2D5319F4EA440031DB2A /* paper.png in Resources */,
				613A2D4C19F4E9C70031DB2A /* msg.png in Resources */,
				613A2D5219F4EA440031DB2A /* merit.png in Resources */,
				61389C8419DBB8EF00B2FAF6 /* LaunchScreen.xib in Resources */,
				61389C8119DBB8EF00B2FAF6 /* Images.xcassets in Resources */,
			);
			runOnlyForDeploymentPostprocessing = 0;
		};
		61389C8719DBB8EF00B2FAF6 /* Resources */ = {
			isa = PBXResourcesBuildPhase;
			buildActionMask = 2147483647;
			files = (
			);
			runOnlyForDeploymentPostprocessing = 0;
		};
/* End PBXResourcesBuildPhase section */

/* Begin PBXSourcesBuildPhase section */
		61389C6E19DBB8EF00B2FAF6 /* Sources */ = {
			isa = PBXSourcesBuildPhase;
			buildActionMask = 2147483647;
			files = (
				614A6E1E19E678320040230C /* LoginViewController.swift in Sources */,
				610304E019DCE70C00278CF8 /* OAuth2.swift in Sources */,
				612A43AC19E4E9A3007F7E2A /* Connector.swift in Sources */,
				61389C7C19DBB8EF00B2FAF6 /* AttendanceViewController.swift in Sources */,
				610304E619DCE95F00278CF8 /* OAuth2WebViewController.swift in Sources */,
				614A6E2019E684C30040230C /* Global.swift in Sources */,
				610304E219DCE73C00278CF8 /* OAuth2Request.swift in Sources */,
				61389C9A19DBB90700B2FAF6 /* SWXMLHash.swift in Sources */,
				61389C7819DBB8EF00B2FAF6 /* AppDelegate.swift in Sources */,
				610304E419DCE7B000278CF8 /* extensions.swift in Sources */,
				611F706C19F7A93D00ED84F6 /* SemesterScoreViewController.swift in Sources */,
				612A43AA19E4D2CC007F7E2A /* HttpClient.swift in Sources */,
				610304DE19DCE6F300278CF8 /* OAuth2CodeGrant.swift in Sources */,
				613A2D5619F4F73A0031DB2A /* DisciplineViewController.swift in Sources */,
				61389C7A19DBB8EF00B2FAF6 /* MessageViewController.swift in Sources */,
			);
			runOnlyForDeploymentPostprocessing = 0;
		};
		61389C8519DBB8EF00B2FAF6 /* Sources */ = {
			isa = PBXSourcesBuildPhase;
			buildActionMask = 2147483647;
			files = (
				61389C9019DBB8EF00B2FAF6 /* AppTests.swift in Sources */,
			);
			runOnlyForDeploymentPostprocessing = 0;
		};
/* End PBXSourcesBuildPhase section */

/* Begin PBXTargetDependency section */
		61389C8B19DBB8EF00B2FAF6 /* PBXTargetDependency */ = {
			isa = PBXTargetDependency;
			target = 61389C7119DBB8EF00B2FAF6 /* App */;
			targetProxy = 61389C8A19DBB8EF00B2FAF6 /* PBXContainerItemProxy */;
		};
/* End PBXTargetDependency section */

/* Begin PBXVariantGroup section */
		61389C7D19DBB8EF00B2FAF6 /* Main.storyboard */ = {
			isa = PBXVariantGroup;
			children = (
				61389C7E19DBB8EF00B2FAF6 /* Base */,
			);
			name = Main.storyboard;
			sourceTree = "<group>";
		};
		61389C8219DBB8EF00B2FAF6 /* LaunchScreen.xib */ = {
			isa = PBXVariantGroup;
			children = (
				61389C8319DBB8EF00B2FAF6 /* Base */,
			);
			name = LaunchScreen.xib;
			sourceTree = "<group>";
		};
/* End PBXVariantGroup section */

/* Begin XCBuildConfiguration section */
		61389C9119DBB8EF00B2FAF6 /* Debug */ = {
			isa = XCBuildConfiguration;
			buildSettings = {
				ALWAYS_SEARCH_USER_PATHS = NO;
				CLANG_CXX_LANGUAGE_STANDARD = "gnu++0x";
				CLANG_CXX_LIBRARY = "libc++";
				CLANG_ENABLE_MODULES = YES;
				CLANG_ENABLE_OBJC_ARC = YES;
				CLANG_WARN_BOOL_CONVERSION = YES;
				CLANG_WARN_CONSTANT_CONVERSION = YES;
				CLANG_WARN_DIRECT_OBJC_ISA_USAGE = YES_ERROR;
				CLANG_WARN_EMPTY_BODY = YES;
				CLANG_WARN_ENUM_CONVERSION = YES;
				CLANG_WARN_INT_CONVERSION = YES;
				CLANG_WARN_OBJC_ROOT_CLASS = YES_ERROR;
				CLANG_WARN_UNREACHABLE_CODE = YES;
				CLANG_WARN__DUPLICATE_METHOD_MATCH = YES;
				"CODE_SIGN_IDENTITY[sdk=iphoneos*]" = "iPhone Developer";
				COPY_PHASE_STRIP = NO;
				ENABLE_STRICT_OBJC_MSGSEND = YES;
				GCC_C_LANGUAGE_STANDARD = gnu99;
				GCC_DYNAMIC_NO_PIC = NO;
				GCC_OPTIMIZATION_LEVEL = 0;
				GCC_PREPROCESSOR_DEFINITIONS = (
					"DEBUG=1",
					"$(inherited)",
				);
				GCC_SYMBOLS_PRIVATE_EXTERN = NO;
				GCC_WARN_64_TO_32_BIT_CONVERSION = YES;
				GCC_WARN_ABOUT_RETURN_TYPE = YES_ERROR;
				GCC_WARN_UNDECLARED_SELECTOR = YES;
				GCC_WARN_UNINITIALIZED_AUTOS = YES_AGGRESSIVE;
				GCC_WARN_UNUSED_FUNCTION = YES;
				GCC_WARN_UNUSED_VARIABLE = YES;
				IPHONEOS_DEPLOYMENT_TARGET = 8.0;
				MTL_ENABLE_DEBUG_INFO = YES;
				ONLY_ACTIVE_ARCH = YES;
				SDKROOT = iphoneos;
				SWIFT_OPTIMIZATION_LEVEL = "-Onone";
			};
			name = Debug;
		};
		61389C9219DBB8EF00B2FAF6 /* Release */ = {
			isa = XCBuildConfiguration;
			buildSettings = {
				ALWAYS_SEARCH_USER_PATHS = NO;
				CLANG_CXX_LANGUAGE_STANDARD = "gnu++0x";
				CLANG_CXX_LIBRARY = "libc++";
				CLANG_ENABLE_MODULES = YES;
				CLANG_ENABLE_OBJC_ARC = YES;
				CLANG_WARN_BOOL_CONVERSION = YES;
				CLANG_WARN_CONSTANT_CONVERSION = YES;
				CLANG_WARN_DIRECT_OBJC_ISA_USAGE = YES_ERROR;
				CLANG_WARN_EMPTY_BODY = YES;
				CLANG_WARN_ENUM_CONVERSION = YES;
				CLANG_WARN_INT_CONVERSION = YES;
				CLANG_WARN_OBJC_ROOT_CLASS = YES_ERROR;
				CLANG_WARN_UNREACHABLE_CODE = YES;
				CLANG_WARN__DUPLICATE_METHOD_MATCH = YES;
				"CODE_SIGN_IDENTITY[sdk=iphoneos*]" = "iPhone Developer";
				COPY_PHASE_STRIP = YES;
				ENABLE_NS_ASSERTIONS = NO;
				ENABLE_STRICT_OBJC_MSGSEND = YES;
				GCC_C_LANGUAGE_STANDARD = gnu99;
				GCC_WARN_64_TO_32_BIT_CONVERSION = YES;
				GCC_WARN_ABOUT_RETURN_TYPE = YES_ERROR;
				GCC_WARN_UNDECLARED_SELECTOR = YES;
				GCC_WARN_UNINITIALIZED_AUTOS = YES_AGGRESSIVE;
				GCC_WARN_UNUSED_FUNCTION = YES;
				GCC_WARN_UNUSED_VARIABLE = YES;
				IPHONEOS_DEPLOYMENT_TARGET = 8.0;
				MTL_ENABLE_DEBUG_INFO = NO;
				SDKROOT = iphoneos;
				VALIDATE_PRODUCT = YES;
			};
			name = Release;
		};
		61389C9419DBB8EF00B2FAF6 /* Debug */ = {
			isa = XCBuildConfiguration;
			buildSettings = {
				ASSETCATALOG_COMPILER_APPICON_NAME = AppIcon;
				INFOPLIST_FILE = App/Info.plist;
				LD_RUNPATH_SEARCH_PATHS = "$(inherited) @executable_path/Frameworks";
				PRODUCT_NAME = "$(TARGET_NAME)";
			};
			name = Debug;
		};
		61389C9519DBB8EF00B2FAF6 /* Release */ = {
			isa = XCBuildConfiguration;
			buildSettings = {
				ASSETCATALOG_COMPILER_APPICON_NAME = AppIcon;
				INFOPLIST_FILE = App/Info.plist;
				LD_RUNPATH_SEARCH_PATHS = "$(inherited) @executable_path/Frameworks";
				PRODUCT_NAME = "$(TARGET_NAME)";
			};
			name = Release;
		};
		61389C9719DBB8EF00B2FAF6 /* Debug */ = {
			isa = XCBuildConfiguration;
			buildSettings = {
				BUNDLE_LOADER = "$(TEST_HOST)";
				FRAMEWORK_SEARCH_PATHS = (
					"$(SDKROOT)/Developer/Library/Frameworks",
					"$(inherited)",
				);
				GCC_PREPROCESSOR_DEFINITIONS = (
					"DEBUG=1",
					"$(inherited)",
				);
				INFOPLIST_FILE = AppTests/Info.plist;
				LD_RUNPATH_SEARCH_PATHS = "$(inherited) @executable_path/Frameworks @loader_path/Frameworks";
				PRODUCT_NAME = "$(TARGET_NAME)";
				TEST_HOST = "$(BUILT_PRODUCTS_DIR)/App.app/App";
			};
			name = Debug;
		};
		61389C9819DBB8EF00B2FAF6 /* Release */ = {
			isa = XCBuildConfiguration;
			buildSettings = {
				BUNDLE_LOADER = "$(TEST_HOST)";
				FRAMEWORK_SEARCH_PATHS = (
					"$(SDKROOT)/Developer/Library/Frameworks",
					"$(inherited)",
				);
				INFOPLIST_FILE = AppTests/Info.plist;
				LD_RUNPATH_SEARCH_PATHS = "$(inherited) @executable_path/Frameworks @loader_path/Frameworks";
				PRODUCT_NAME = "$(TARGET_NAME)";
				TEST_HOST = "$(BUILT_PRODUCTS_DIR)/App.app/App";
			};
			name = Release;
		};
/* End XCBuildConfiguration section */

/* Begin XCConfigurationList section */
		61389C6D19DBB8EF00B2FAF6 /* Build configuration list for PBXProject "App" */ = {
			isa = XCConfigurationList;
			buildConfigurations = (
				61389C9119DBB8EF00B2FAF6 /* Debug */,
				61389C9219DBB8EF00B2FAF6 /* Release */,
			);
			defaultConfigurationIsVisible = 0;
			defaultConfigurationName = Release;
		};
		61389C9319DBB8EF00B2FAF6 /* Build configuration list for PBXNativeTarget "App" */ = {
			isa = XCConfigurationList;
			buildConfigurations = (
				61389C9419DBB8EF00B2FAF6 /* Debug */,
				61389C9519DBB8EF00B2FAF6 /* Release */,
			);
			defaultConfigurationIsVisible = 0;
			defaultConfigurationName = Release;
		};
		61389C9619DBB8EF00B2FAF6 /* Build configuration list for PBXNativeTarget "AppTests" */ = {
			isa = XCConfigurationList;
			buildConfigurations = (
				61389C9719DBB8EF00B2FAF6 /* Debug */,
				61389C9819DBB8EF00B2FAF6 /* Release */,
			);
			defaultConfigurationIsVisible = 0;
			defaultConfigurationName = Release;
		};
/* End XCConfigurationList section */
	};
	rootObject = 61389C6A19DBB8EF00B2FAF6 /* Project object */;
}
